// !$*UTF8*$!
{
	archiveVersion = 1;
	classes = {
	};
	objectVersion = 55;
	objects = {

/* Begin PBXBuildFile section */
		A65815A627E712D100EA41D2 /* AppDelegate.swift in Sources */ = {isa = PBXBuildFile; fileRef = A65815A527E712D100EA41D2 /* AppDelegate.swift */; };
		A65815A827E712D100EA41D2 /* SceneDelegate.swift in Sources */ = {isa = PBXBuildFile; fileRef = A65815A727E712D100EA41D2 /* SceneDelegate.swift */; };
		A65815AA27E712D100EA41D2 /* ViewController.swift in Sources */ = {isa = PBXBuildFile; fileRef = A65815A927E712D100EA41D2 /* ViewController.swift */; };
		A65815AD27E712D100EA41D2 /* Main.storyboard in Resources */ = {isa = PBXBuildFile; fileRef = A65815AB27E712D100EA41D2 /* Main.storyboard */; };
		A65815AF27E712D300EA41D2 /* Assets.xcassets in Resources */ = {isa = PBXBuildFile; fileRef = A65815AE27E712D300EA41D2 /* Assets.xcassets */; };
		A65815B227E712D300EA41D2 /* LaunchScreen.storyboard in Resources */ = {isa = PBXBuildFile; fileRef = A65815B027E712D300EA41D2 /* LaunchScreen.storyboard */; };
		A65815BD27E712D300EA41D2 /* MessengerTests.swift in Sources */ = {isa = PBXBuildFile; fileRef = A65815BC27E712D300EA41D2 /* MessengerTests.swift */; };
		A65815C727E712D300EA41D2 /* MessengerUITests.swift in Sources */ = {isa = PBXBuildFile; fileRef = A65815C627E712D300EA41D2 /* MessengerUITests.swift */; };
		A65815C927E712D300EA41D2 /* MessengerUITestsLaunchTests.swift in Sources */ = {isa = PBXBuildFile; fileRef = A65815C827E712D300EA41D2 /* MessengerUITestsLaunchTests.swift */; };
/* End PBXBuildFile section */

/* Begin PBXContainerItemProxy section */
		A65815B927E712D300EA41D2 /* PBXContainerItemProxy */ = {
			isa = PBXContainerItemProxy;
			containerPortal = A658159A27E712D100EA41D2 /* Project object */;
			proxyType = 1;
			remoteGlobalIDString = A65815A127E712D100EA41D2;
			remoteInfo = Messenger;
		};
		A65815C327E712D300EA41D2 /* PBXContainerItemProxy */ = {
			isa = PBXContainerItemProxy;
			containerPortal = A658159A27E712D100EA41D2 /* Project object */;
			proxyType = 1;
			remoteGlobalIDString = A65815A127E712D100EA41D2;
			remoteInfo = Messenger;
		};
/* End PBXContainerItemProxy section */

/* Begin PBXFileReference section */
		A65815A227E712D100EA41D2 /* Messenger.app */ = {isa = PBXFileReference; explicitFileType = wrapper.application; includeInIndex = 0; path = Messenger.app; sourceTree = BUILT_PRODUCTS_DIR; };
		A65815A527E712D100EA41D2 /* AppDelegate.swift */ = {isa = PBXFileReference; lastKnownFileType = sourcecode.swift; path = AppDelegate.swift; sourceTree = "<group>"; };
		A65815A727E712D100EA41D2 /* SceneDelegate.swift */ = {isa = PBXFileReference; lastKnownFileType = sourcecode.swift; path = SceneDelegate.swift; sourceTree = "<group>"; };
		A65815A927E712D100EA41D2 /* ViewController.swift */ = {isa = PBXFileReference; lastKnownFileType = sourcecode.swift; path = ViewController.swift; sourceTree = "<group>"; };
		A65815AC27E712D100EA41D2 /* Base */ = {isa = PBXFileReference; lastKnownFileType = file.storyboard; name = Base; path = Base.lproj/Main.storyboard; sourceTree = "<group>"; };
		A65815AE27E712D300EA41D2 /* Assets.xcassets */ = {isa = PBXFileReference; lastKnownFileType = folder.assetcatalog; path = Assets.xcassets; sourceTree = "<group>"; };
		A65815B127E712D300EA41D2 /* Base */ = {isa = PBXFileReference; lastKnownFileType = file.storyboard; name = Base; path = Base.lproj/LaunchScreen.storyboard; sourceTree = "<group>"; };
		A65815B327E712D300EA41D2 /* Info.plist */ = {isa = PBXFileReference; lastKnownFileType = text.plist.xml; path = Info.plist; sourceTree = "<group>"; };
		A65815B827E712D300EA41D2 /* MessengerTests.xctest */ = {isa = PBXFileReference; explicitFileType = wrapper.cfbundle; includeInIndex = 0; path = MessengerTests.xctest; sourceTree = BUILT_PRODUCTS_DIR; };
		A65815BC27E712D300EA41D2 /* MessengerTests.swift */ = {isa = PBXFileReference; lastKnownFileType = sourcecode.swift; path = MessengerTests.swift; sourceTree = "<group>"; };
		A65815C227E712D300EA41D2 /* MessengerUITests.xctest */ = {isa = PBXFileReference; explicitFileType = wrapper.cfbundle; includeInIndex = 0; path = MessengerUITests.xctest; sourceTree = BUILT_PRODUCTS_DIR; };
		A65815C627E712D300EA41D2 /* MessengerUITests.swift */ = {isa = PBXFileReference; lastKnownFileType = sourcecode.swift; path = MessengerUITests.swift; sourceTree = "<group>"; };
		A65815C827E712D300EA41D2 /* MessengerUITestsLaunchTests.swift */ = {isa = PBXFileReference; lastKnownFileType = sourcecode.swift; path = MessengerUITestsLaunchTests.swift; sourceTree = "<group>"; };
/* End PBXFileReference section */

/* Begin PBXFrameworksBuildPhase section */
		A658159F27E712D100EA41D2 /* Frameworks */ = {
			isa = PBXFrameworksBuildPhase;
			buildActionMask = 2147483647;
			files = (
			);
			runOnlyForDeploymentPostprocessing = 0;
		};
		A65815B527E712D300EA41D2 /* Frameworks */ = {
			isa = PBXFrameworksBuildPhase;
			buildActionMask = 2147483647;
			files = (
			);
			runOnlyForDeploymentPostprocessing = 0;
		};
		A65815BF27E712D300EA41D2 /* Frameworks */ = {
			isa = PBXFrameworksBuildPhase;
			buildActionMask = 2147483647;
			files = (
			);
			runOnlyForDeploymentPostprocessing = 0;
		};
/* End PBXFrameworksBuildPhase section */

/* Begin PBXGroup section */
		A658159927E712D100EA41D2 = {
			isa = PBXGroup;
			children = (
				A65815A427E712D100EA41D2 /* Messenger */,
				A65815BB27E712D300EA41D2 /* MessengerTests */,
				A65815C527E712D300EA41D2 /* MessengerUITests */,
				A65815A327E712D100EA41D2 /* Products */,
			);
			sourceTree = "<group>";
		};
		A65815A327E712D100EA41D2 /* Products */ = {
			isa = PBXGroup;
			children = (
				A65815A227E712D100EA41D2 /* Messenger.app */,
				A65815B827E712D300EA41D2 /* MessengerTests.xctest */,
				A65815C227E712D300EA41D2 /* MessengerUITests.xctest */,
			);
			name = Products;
			sourceTree = "<group>";
		};
		A65815A427E712D100EA41D2 /* Messenger */ = {
			isa = PBXGroup;
			children = (
				A65815D927E7146000EA41D2 /* Resources */,
				A65815D827E7145000EA41D2 /* ViewModels */,
				A65815D727E7144300EA41D2 /* Views */,
				A65815D627E7143300EA41D2 /* Models */,
				A65815D527E7141600EA41D2 /* Controllers */,
				A65815B327E712D300EA41D2 /* Info.plist */,
			);
			path = Messenger;
			sourceTree = "<group>";
		};
		A65815BB27E712D300EA41D2 /* MessengerTests */ = {
			isa = PBXGroup;
			children = (
				A65815BC27E712D300EA41D2 /* MessengerTests.swift */,
			);
			path = MessengerTests;
			sourceTree = "<group>";
		};
		A65815C527E712D300EA41D2 /* MessengerUITests */ = {
			isa = PBXGroup;
			children = (
				A65815C627E712D300EA41D2 /* MessengerUITests.swift */,
				A65815C827E712D300EA41D2 /* MessengerUITestsLaunchTests.swift */,
			);
			path = MessengerUITests;
			sourceTree = "<group>";
		};
		A65815D527E7141600EA41D2 /* Controllers */ = {
			isa = PBXGroup;
			children = (
				A65815A927E712D100EA41D2 /* ViewController.swift */,
			);
			path = Controllers;
			sourceTree = "<group>";
		};
		A65815D627E7143300EA41D2 /* Models */ = {
			isa = PBXGroup;
			children = (
			);
			path = Models;
			sourceTree = "<group>";
		};
		A65815D727E7144300EA41D2 /* Views */ = {
			isa = PBXGroup;
			children = (
				A65815DA27E714C100EA41D2 /* Storyboards */,
				A65815AE27E712D300EA41D2 /* Assets.xcassets */,
			);
			path = Views;
			sourceTree = "<group>";
		};
		A65815D827E7145000EA41D2 /* ViewModels */ = {
			isa = PBXGroup;
			children = (
			);
			path = ViewModels;
			sourceTree = "<group>";
		};
		A65815D927E7146000EA41D2 /* Resources */ = {
			isa = PBXGroup;
			children = (
				A65815A527E712D100EA41D2 /* AppDelegate.swift */,
				A65815A727E712D100EA41D2 /* SceneDelegate.swift */,
			);
			path = Resources;
			sourceTree = "<group>";
		};
		A65815DA27E714C100EA41D2 /* Storyboards */ = {
			isa = PBXGroup;
			children = (
				A65815AB27E712D100EA41D2 /* Main.storyboard */,
				A65815B027E712D300EA41D2 /* LaunchScreen.storyboard */,
			);
			path = Storyboards;
			sourceTree = "<group>";
		};
/* End PBXGroup section */

/* Begin PBXNativeTarget section */
		A65815A127E712D100EA41D2 /* Messenger */ = {
			isa = PBXNativeTarget;
			buildConfigurationList = A65815CC27E712D300EA41D2 /* Build configuration list for PBXNativeTarget "Messenger" */;
			buildPhases = (
				A658159E27E712D100EA41D2 /* Sources */,
				A658159F27E712D100EA41D2 /* Frameworks */,
				A65815A027E712D100EA41D2 /* Resources */,
			);
			buildRules = (
			);
			dependencies = (
			);
			name = Messenger;
			productName = Messenger;
			productReference = A65815A227E712D100EA41D2 /* Messenger.app */;
			productType = "com.apple.product-type.application";
		};
		A65815B727E712D300EA41D2 /* MessengerTests */ = {
			isa = PBXNativeTarget;
			buildConfigurationList = A65815CF27E712D300EA41D2 /* Build configuration list for PBXNativeTarget "MessengerTests" */;
			buildPhases = (
				A65815B427E712D300EA41D2 /* Sources */,
				A65815B527E712D300EA41D2 /* Frameworks */,
				A65815B627E712D300EA41D2 /* Resources */,
			);
			buildRules = (
			);
			dependencies = (
				A65815BA27E712D300EA41D2 /* PBXTargetDependency */,
			);
			name = MessengerTests;
			productName = MessengerTests;
			productReference = A65815B827E712D300EA41D2 /* MessengerTests.xctest */;
			productType = "com.apple.product-type.bundle.unit-test";
		};
		A65815C127E712D300EA41D2 /* MessengerUITests */ = {
			isa = PBXNativeTarget;
			buildConfigurationList = A65815D227E712D300EA41D2 /* Build configuration list for PBXNativeTarget "MessengerUITests" */;
			buildPhases = (
				A65815BE27E712D300EA41D2 /* Sources */,
				A65815BF27E712D300EA41D2 /* Frameworks */,
				A65815C027E712D300EA41D2 /* Resources */,
			);
			buildRules = (
			);
			dependencies = (
				A65815C427E712D300EA41D2 /* PBXTargetDependency */,
			);
			name = MessengerUITests;
			productName = MessengerUITests;
			productReference = A65815C227E712D300EA41D2 /* MessengerUITests.xctest */;
			productType = "com.apple.product-type.bundle.ui-testing";
		};
/* End PBXNativeTarget section */

/* Begin PBXProject section */
		A658159A27E712D100EA41D2 /* Project object */ = {
			isa = PBXProject;
			attributes = {
				BuildIndependentTargetsInParallel = 1;
				LastSwiftUpdateCheck = 1320;
				LastUpgradeCheck = 1320;
				TargetAttributes = {
					A65815A127E712D100EA41D2 = {
						CreatedOnToolsVersion = 13.2.1;
					};
					A65815B727E712D300EA41D2 = {
						CreatedOnToolsVersion = 13.2.1;
						TestTargetID = A65815A127E712D100EA41D2;
					};
					A65815C127E712D300EA41D2 = {
						CreatedOnToolsVersion = 13.2.1;
						TestTargetID = A65815A127E712D100EA41D2;
					};
				};
			};
			buildConfigurationList = A658159D27E712D100EA41D2 /* Build configuration list for PBXProject "Messenger" */;
			compatibilityVersion = "Xcode 13.0";
			developmentRegion = en;
			hasScannedForEncodings = 0;
			knownRegions = (
				en,
				Base,
			);
			mainGroup = A658159927E712D100EA41D2;
			productRefGroup = A65815A327E712D100EA41D2 /* Products */;
			projectDirPath = "";
			projectRoot = "";
			targets = (
				A65815A127E712D100EA41D2 /* Messenger */,
				A65815B727E712D300EA41D2 /* MessengerTests */,
				A65815C127E712D300EA41D2 /* MessengerUITests */,
			);
		};
/* End PBXProject section */

/* Begin PBXResourcesBuildPhase section */
		A65815A027E712D100EA41D2 /* Resources */ = {
			isa = PBXResourcesBuildPhase;
			buildActionMask = 2147483647;
			files = (
				A65815B227E712D300EA41D2 /* LaunchScreen.storyboard in Resources */,
				A65815AF27E712D300EA41D2 /* Assets.xcassets in Resources */,
				A65815AD27E712D100EA41D2 /* Main.storyboard in Resources */,
			);
			runOnlyForDeploymentPostprocessing = 0;
		};
		A65815B627E712D300EA41D2 /* Resources */ = {
			isa = PBXResourcesBuildPhase;
			buildActionMask = 2147483647;
			files = (
			);
			runOnlyForDeploymentPostprocessing = 0;
		};
		A65815C027E712D300EA41D2 /* Resources */ = {
			isa = PBXResourcesBuildPhase;
			buildActionMask = 2147483647;
			files = (
			);
			runOnlyForDeploymentPostprocessing = 0;
		};
/* End PBXResourcesBuildPhase section */

/* Begin PBXSourcesBuildPhase section */
		A658159E27E712D100EA41D2 /* Sources */ = {
			isa = PBXSourcesBuildPhase;
			buildActionMask = 2147483647;
			files = (
				A65815AA27E712D100EA41D2 /* ViewController.swift in Sources */,
				A65815A627E712D100EA41D2 /* AppDelegate.swift in Sources */,
				A65815A827E712D100EA41D2 /* SceneDelegate.swift in Sources */,
			);
			runOnlyForDeploymentPostprocessing = 0;
		};
		A65815B427E712D300EA41D2 /* Sources */ = {
			isa = PBXSourcesBuildPhase;
			buildActionMask = 2147483647;
			files = (
				A65815BD27E712D300EA41D2 /* MessengerTests.swift in Sources */,
			);
			runOnlyForDeploymentPostprocessing = 0;
		};
		A65815BE27E712D300EA41D2 /* Sources */ = {
			isa = PBXSourcesBuildPhase;
			buildActionMask = 2147483647;
			files = (
				A65815C927E712D300EA41D2 /* MessengerUITestsLaunchTests.swift in Sources */,
				A65815C727E712D300EA41D2 /* MessengerUITests.swift in Sources */,
			);
			runOnlyForDeploymentPostprocessing = 0;
		};
/* End PBXSourcesBuildPhase section */

/* Begin PBXTargetDependency section */
		A65815BA27E712D300EA41D2 /* PBXTargetDependency */ = {
			isa = PBXTargetDependency;
			target = A65815A127E712D100EA41D2 /* Messenger */;
			targetProxy = A65815B927E712D300EA41D2 /* PBXContainerItemProxy */;
		};
		A65815C427E712D300EA41D2 /* PBXTargetDependency */ = {
			isa = PBXTargetDependency;
			target = A65815A127E712D100EA41D2 /* Messenger */;
			targetProxy = A65815C327E712D300EA41D2 /* PBXContainerItemProxy */;
		};
/* End PBXTargetDependency section */

/* Begin PBXVariantGroup section */
		A65815AB27E712D100EA41D2 /* Main.storyboard */ = {
			isa = PBXVariantGroup;
			children = (
				A65815AC27E712D100EA41D2 /* Base */,
			);
			name = Main.storyboard;
			sourceTree = "<group>";
		};
		A65815B027E712D300EA41D2 /* LaunchScreen.storyboard */ = {
			isa = PBXVariantGroup;
			children = (
				A65815B127E712D300EA41D2 /* Base */,
			);
			name = LaunchScreen.storyboard;
			sourceTree = "<group>";
		};
/* End PBXVariantGroup section */

/* Begin XCBuildConfiguration section */
		A65815CA27E712D300EA41D2 /* Debug */ = {
			isa = XCBuildConfiguration;
			buildSettings = {
				ALWAYS_SEARCH_USER_PATHS = NO;
				CLANG_ANALYZER_NONNULL = YES;
				CLANG_ANALYZER_NUMBER_OBJECT_CONVERSION = YES_AGGRESSIVE;
				CLANG_CXX_LANGUAGE_STANDARD = "gnu++17";
				CLANG_CXX_LIBRARY = "libc++";
				CLANG_ENABLE_MODULES = YES;
				CLANG_ENABLE_OBJC_ARC = YES;
				CLANG_ENABLE_OBJC_WEAK = YES;
				CLANG_WARN_BLOCK_CAPTURE_AUTORELEASING = YES;
				CLANG_WARN_BOOL_CONVERSION = YES;
				CLANG_WARN_COMMA = YES;
				CLANG_WARN_CONSTANT_CONVERSION = YES;
				CLANG_WARN_DEPRECATED_OBJC_IMPLEMENTATIONS = YES;
				CLANG_WARN_DIRECT_OBJC_ISA_USAGE = YES_ERROR;
				CLANG_WARN_DOCUMENTATION_COMMENTS = YES;
				CLANG_WARN_EMPTY_BODY = YES;
				CLANG_WARN_ENUM_CONVERSION = YES;
				CLANG_WARN_INFINITE_RECURSION = YES;
				CLANG_WARN_INT_CONVERSION = YES;
				CLANG_WARN_NON_LITERAL_NULL_CONVERSION = YES;
				CLANG_WARN_OBJC_IMPLICIT_RETAIN_SELF = YES;
				CLANG_WARN_OBJC_LITERAL_CONVERSION = YES;
				CLANG_WARN_OBJC_ROOT_CLASS = YES_ERROR;
				CLANG_WARN_QUOTED_INCLUDE_IN_FRAMEWORK_HEADER = YES;
				CLANG_WARN_RANGE_LOOP_ANALYSIS = YES;
				CLANG_WARN_STRICT_PROTOTYPES = YES;
				CLANG_WARN_SUSPICIOUS_MOVE = YES;
				CLANG_WARN_UNGUARDED_AVAILABILITY = YES_AGGRESSIVE;
				CLANG_WARN_UNREACHABLE_CODE = YES;
				CLANG_WARN__DUPLICATE_METHOD_MATCH = YES;
				COPY_PHASE_STRIP = NO;
				DEBUG_INFORMATION_FORMAT = dwarf;
				ENABLE_STRICT_OBJC_MSGSEND = YES;
				ENABLE_TESTABILITY = YES;
				GCC_C_LANGUAGE_STANDARD = gnu11;
				GCC_DYNAMIC_NO_PIC = NO;
				GCC_NO_COMMON_BLOCKS = YES;
				GCC_OPTIMIZATION_LEVEL = 0;
				GCC_PREPROCESSOR_DEFINITIONS = (
					"DEBUG=1",
					"$(inherited)",
				);
				GCC_WARN_64_TO_32_BIT_CONVERSION = YES;
				GCC_WARN_ABOUT_RETURN_TYPE = YES_ERROR;
				GCC_WARN_UNDECLARED_SELECTOR = YES;
				GCC_WARN_UNINITIALIZED_AUTOS = YES_AGGRESSIVE;
				GCC_WARN_UNUSED_FUNCTION = YES;
				GCC_WARN_UNUSED_VARIABLE = YES;
				IPHONEOS_DEPLOYMENT_TARGET = 15.2;
				MTL_ENABLE_DEBUG_INFO = INCLUDE_SOURCE;
				MTL_FAST_MATH = YES;
				ONLY_ACTIVE_ARCH = YES;
				SDKROOT = iphoneos;
				SWIFT_ACTIVE_COMPILATION_CONDITIONS = DEBUG;
				SWIFT_OPTIMIZATION_LEVEL = "-Onone";
			};
			name = Debug;
		};
		A65815CB27E712D300EA41D2 /* Release */ = {
			isa = XCBuildConfiguration;
			buildSettings = {
				ALWAYS_SEARCH_USER_PATHS = NO;
				CLANG_ANALYZER_NONNULL = YES;
				CLANG_ANALYZER_NUMBER_OBJECT_CONVERSION = YES_AGGRESSIVE;
				CLANG_CXX_LANGUAGE_STANDARD = "gnu++17";
				CLANG_CXX_LIBRARY = "libc++";
				CLANG_ENABLE_MODULES = YES;
				CLANG_ENABLE_OBJC_ARC = YES;
				CLANG_ENABLE_OBJC_WEAK = YES;
				CLANG_WARN_BLOCK_CAPTURE_AUTORELEASING = YES;
				CLANG_WARN_BOOL_CONVERSION = YES;
				CLANG_WARN_COMMA = YES;
				CLANG_WARN_CONSTANT_CONVERSION = YES;
				CLANG_WARN_DEPRECATED_OBJC_IMPLEMENTATIONS = YES;
				CLANG_WARN_DIRECT_OBJC_ISA_USAGE = YES_ERROR;
				CLANG_WARN_DOCUMENTATION_COMMENTS = YES;
				CLANG_WARN_EMPTY_BODY = YES;
				CLANG_WARN_ENUM_CONVERSION = YES;
				CLANG_WARN_INFINITE_RECURSION = YES;
				CLANG_WARN_INT_CONVERSION = YES;
				CLANG_WARN_NON_LITERAL_NULL_CONVERSION = YES;
				CLANG_WARN_OBJC_IMPLICIT_RETAIN_SELF = YES;
				CLANG_WARN_OBJC_LITERAL_CONVERSION = YES;
				CLANG_WARN_OBJC_ROOT_CLASS = YES_ERROR;
				CLANG_WARN_QUOTED_INCLUDE_IN_FRAMEWORK_HEADER = YES;
				CLANG_WARN_RANGE_LOOP_ANALYSIS = YES;
				CLANG_WARN_STRICT_PROTOTYPES = YES;
				CLANG_WARN_SUSPICIOUS_MOVE = YES;
				CLANG_WARN_UNGUARDED_AVAILABILITY = YES_AGGRESSIVE;
				CLANG_WARN_UNREACHABLE_CODE = YES;
				CLANG_WARN__DUPLICATE_METHOD_MATCH = YES;
				COPY_PHASE_STRIP = NO;
				DEBUG_INFORMATION_FORMAT = "dwarf-with-dsym";
				ENABLE_NS_ASSERTIONS = NO;
				ENABLE_STRICT_OBJC_MSGSEND = YES;
				GCC_C_LANGUAGE_STANDARD = gnu11;
				GCC_NO_COMMON_BLOCKS = YES;
				GCC_WARN_64_TO_32_BIT_CONVERSION = YES;
				GCC_WARN_ABOUT_RETURN_TYPE = YES_ERROR;
				GCC_WARN_UNDECLARED_SELECTOR = YES;
				GCC_WARN_UNINITIALIZED_AUTOS = YES_AGGRESSIVE;
				GCC_WARN_UNUSED_FUNCTION = YES;
				GCC_WARN_UNUSED_VARIABLE = YES;
				IPHONEOS_DEPLOYMENT_TARGET = 15.2;
				MTL_ENABLE_DEBUG_INFO = NO;
				MTL_FAST_MATH = YES;
				SDKROOT = iphoneos;
				SWIFT_COMPILATION_MODE = wholemodule;
				SWIFT_OPTIMIZATION_LEVEL = "-O";
				VALIDATE_PRODUCT = YES;
			};
			name = Release;
		};
		A65815CD27E712D300EA41D2 /* Debug */ = {
			isa = XCBuildConfiguration;
			buildSettings = {
				ASSETCATALOG_COMPILER_APPICON_NAME = AppIcon;
				ASSETCATALOG_COMPILER_GLOBAL_ACCENT_COLOR_NAME = AccentColor;
				CODE_SIGN_STYLE = Automatic;
				CURRENT_PROJECT_VERSION = 1;
				GENERATE_INFOPLIST_FILE = YES;
				INFOPLIST_FILE = Messenger/Info.plist;
				INFOPLIST_KEY_UIApplicationSupportsIndirectInputEvents = YES;
				INFOPLIST_KEY_UILaunchStoryboardName = LaunchScreen;
				INFOPLIST_KEY_UIMainStoryboardFile = Main;
				INFOPLIST_KEY_UISupportedInterfaceOrientations_iPad = "UIInterfaceOrientationPortrait UIInterfaceOrientationPortraitUpsideDown UIInterfaceOrientationLandscapeLeft UIInterfaceOrientationLandscapeRight";
				INFOPLIST_KEY_UISupportedInterfaceOrientations_iPhone = "UIInterfaceOrientationPortrait UIInterfaceOrientationLandscapeLeft UIInterfaceOrientationLandscapeRight";
				LD_RUNPATH_SEARCH_PATHS = (
					"$(inherited)",
					"@executable_path/Frameworks",
				);
				MARKETING_VERSION = 1.0;
				PRODUCT_BUNDLE_IDENTIFIER = com.preet.Messenger;
				PRODUCT_NAME = "$(TARGET_NAME)";
				SWIFT_EMIT_LOC_STRINGS = YES;
				SWIFT_VERSION = 5.0;
				TARGETED_DEVICE_FAMILY = "1,2";
			};
			name = Debug;
		};
		A65815CE27E712D300EA41D2 /* Release */ = {
			isa = XCBuildConfiguration;
			buildSettings = {
				ASSETCATALOG_COMPILER_APPICON_NAME = AppIcon;
				ASSETCATALOG_COMPILER_GLOBAL_ACCENT_COLOR_NAME = AccentColor;
				CODE_SIGN_STYLE = Automatic;
				CURRENT_PROJECT_VERSION = 1;
				GENERATE_INFOPLIST_FILE = YES;
				INFOPLIST_FILE = Messenger/Info.plist;
				INFOPLIST_KEY_UIApplicationSupportsIndirectInputEvents = YES;
				INFOPLIST_KEY_UILaunchStoryboardName = LaunchScreen;
				INFOPLIST_KEY_UIMainStoryboardFile = Main;
				INFOPLIST_KEY_UISupportedInterfaceOrientations_iPad = "UIInterfaceOrientationPortrait UIInterfaceOrientationPortraitUpsideDown UIInterfaceOrientationLandscapeLeft UIInterfaceOrientationLandscapeRight";
				INFOPLIST_KEY_UISupportedInterfaceOrientations_iPhone = "UIInterfaceOrientationPortrait UIInterfaceOrientationLandscapeLeft UIInterfaceOrientationLandscapeRight";
				LD_RUNPATH_SEARCH_PATHS = (
					"$(inherited)",
					"@executable_path/Frameworks",
				);
				MARKETING_VERSION = 1.0;
				PRODUCT_BUNDLE_IDENTIFIER = com.preet.Messenger;
				PRODUCT_NAME = "$(TARGET_NAME)";
				SWIFT_EMIT_LOC_STRINGS = YES;
				SWIFT_VERSION = 5.0;
				TARGETED_DEVICE_FAMILY = "1,2";
			};
			name = Release;
		};
		A65815D027E712D300EA41D2 /* Debug */ = {
			isa = XCBuildConfiguration;
			buildSettings = {
				ALWAYS_EMBED_SWIFT_STANDARD_LIBRARIES = YES;
				BUNDLE_LOADER = "$(TEST_HOST)";
				CODE_SIGN_STYLE = Automatic;
				CURRENT_PROJECT_VERSION = 1;
				GENERATE_INFOPLIST_FILE = YES;
				IPHONEOS_DEPLOYMENT_TARGET = 15.2;
				MARKETING_VERSION = 1.0;
				PRODUCT_BUNDLE_IDENTIFIER = com.preet.MessengerTests;
				PRODUCT_NAME = "$(TARGET_NAME)";
				SWIFT_EMIT_LOC_STRINGS = NO;
				SWIFT_VERSION = 5.0;
				TARGETED_DEVICE_FAMILY = "1,2";
				TEST_HOST = "$(BUILT_PRODUCTS_DIR)/Messenger.app/Messenger";
			};
			name = Debug;
		};
		A65815D127E712D300EA41D2 /* Release */ = {
			isa = XCBuildConfiguration;
			buildSettings = {
				ALWAYS_EMBED_SWIFT_STANDARD_LIBRARIES = YES;
				BUNDLE_LOADER = "$(TEST_HOST)";
				CODE_SIGN_STYLE = Automatic;
				CURRENT_PROJECT_VERSION = 1;
				GENERATE_INFOPLIST_FILE = YES;
				IPHONEOS_DEPLOYMENT_TARGET = 15.2;
				MARKETING_VERSION = 1.0;
				PRODUCT_BUNDLE_IDENTIFIER = com.preet.MessengerTests;
				PRODUCT_NAME = "$(TARGET_NAME)";
				SWIFT_EMIT_LOC_STRINGS = NO;
				SWIFT_VERSION = 5.0;
				TARGETED_DEVICE_FAMILY = "1,2";
				TEST_HOST = "$(BUILT_PRODUCTS_DIR)/Messenger.app/Messenger";
			};
			name = Release;
		};
		A65815D327E712D300EA41D2 /* Debug */ = {
			isa = XCBuildConfiguration;
			buildSettings = {
				ALWAYS_EMBED_SWIFT_STANDARD_LIBRARIES = YES;
				CODE_SIGN_STYLE = Automatic;
				CURRENT_PROJECT_VERSION = 1;
				GENERATE_INFOPLIST_FILE = YES;
				MARKETING_VERSION = 1.0;
				PRODUCT_BUNDLE_IDENTIFIER = com.preet.MessengerUITests;
				PRODUCT_NAME = "$(TARGET_NAME)";
				SWIFT_EMIT_LOC_STRINGS = NO;
				SWIFT_VERSION = 5.0;
				TARGETED_DEVICE_FAMILY = "1,2";
				TEST_TARGET_NAME = Messenger;
			};
			name = Debug;
		};
		A65815D427E712D300EA41D2 /* Release */ = {
			isa = XCBuildConfiguration;
			buildSettings = {
				ALWAYS_EMBED_SWIFT_STANDARD_LIBRARIES = YES;
				CODE_SIGN_STYLE = Automatic;
				CURRENT_PROJECT_VERSION = 1;
				GENERATE_INFOPLIST_FILE = YES;
				MARKETING_VERSION = 1.0;
				PRODUCT_BUNDLE_IDENTIFIER = com.preet.MessengerUITests;
				PRODUCT_NAME = "$(TARGET_NAME)";
				SWIFT_EMIT_LOC_STRINGS = NO;
				SWIFT_VERSION = 5.0;
				TARGETED_DEVICE_FAMILY = "1,2";
				TEST_TARGET_NAME = Messenger;
			};
			name = Release;
		};
/* End XCBuildConfiguration section */

/* Begin XCConfigurationList section */
		A658159D27E712D100EA41D2 /* Build configuration list for PBXProject "Messenger" */ = {
			isa = XCConfigurationList;
			buildConfigurations = (
				A65815CA27E712D300EA41D2 /* Debug */,
				A65815CB27E712D300EA41D2 /* Release */,
			);
			defaultConfigurationIsVisible = 0;
			defaultConfigurationName = Release;
		};
		A65815CC27E712D300EA41D2 /* Build configuration list for PBXNativeTarget "Messenger" */ = {
			isa = XCConfigurationList;
			buildConfigurations = (
				A65815CD27E712D300EA41D2 /* Debug */,
				A65815CE27E712D300EA41D2 /* Release */,
			);
			defaultConfigurationIsVisible = 0;
			defaultConfigurationName = Release;
		};
		A65815CF27E712D300EA41D2 /* Build configuration list for PBXNativeTarget "MessengerTests" */ = {
			isa = XCConfigurationList;
			buildConfigurations = (
				A65815D027E712D300EA41D2 /* Debug */,
				A65815D127E712D300EA41D2 /* Release */,
			);
			defaultConfigurationIsVisible = 0;
			defaultConfigurationName = Release;
		};
		A65815D227E712D300EA41D2 /* Build configuration list for PBXNativeTarget "MessengerUITests" */ = {
			isa = XCConfigurationList;
			buildConfigurations = (
				A65815D327E712D300EA41D2 /* Debug */,
				A65815D427E712D300EA41D2 /* Release */,
			);
			defaultConfigurationIsVisible = 0;
			defaultConfigurationName = Release;
		};
/* End XCConfigurationList section */
	};
	rootObject = A658159A27E712D100EA41D2 /* Project object */;
}
